
Microsoft Visual Studio Solution File, Format Version 12.00
# Visual Studio 15
VisualStudioVersion = 15.0.27703.2026
MinimumVisualStudioVersion = 10.0.40219.1
Project("{FAE04EC0-301F-11D3-BF4B-00C04F79EFBC}") = "symptoms.service", "symptoms.service\symptoms.service.csproj", "{6C4AAD7A-B530-492E-933C-C475040B0E2B}"
EndProject
Project("{FAE04EC0-301F-11D3-BF4B-00C04F79EFBC}") = "symptoms.rules", "symptoms.rules\symptoms.rules.csproj", "{2F9D2115-1C14-40E3-8C01-9BBFC5A6A288}"
EndProject
Project("{FAE04EC0-301F-11D3-BF4B-00C04F79EFBC}") = "symptoms.rules.tests", "symptoms.rules.tests\symptoms.rules.tests.csproj", "{D47BDA0D-2B97-4344-8E93-419BA658E948}"
EndProject
Global
	GlobalSection(SolutionConfigurationPlatforms) = preSolution
		Debug|Any CPU = Debug|Any CPU
		Release|Any CPU = Release|Any CPU
	EndGlobalSection
	GlobalSection(ProjectConfigurationPlatforms) = postSolution
		{6C4AAD7A-B530-492E-933C-C475040B0E2B}.Debug|Any CPU.ActiveCfg = Debug|Any CPU
		{6C4AAD7A-B530-492E-933C-C475040B0E2B}.Debug|Any CPU.Build.0 = Debug|Any CPU
		{6C4AAD7A-B530-492E-933C-C475040B0E2B}.Release|Any CPU.ActiveCfg = Release|Any CPU
		{6C4AAD7A-B530-492E-933C-C475040B0E2B}.Release|Any CPU.Build.0 = Release|Any CPU
		{2F9D2115-1C14-40E3-8C01-9BBFC5A6A288}.Debug|Any CPU.ActiveCfg = Debug|Any CPU
		{2F9D2115-1C14-40E3-8C01-9BBFC5A6A288}.Debug|Any CPU.Build.0 = Debug|Any CPU
		{2F9D2115-1C14-40E3-8C01-9BBFC5A6A288}.Release|Any CPU.ActiveCfg = Release|Any CPU
		{2F9D2115-1C14-40E3-8C01-9BBFC5A6A288}.Release|Any CPU.Build.0 = Release|Any CPU
		{D47BDA0D-2B97-4344-8E93-419BA658E948}.Debug|Any CPU.ActiveCfg = Debug|Any CPU
		{D47BDA0D-2B97-4344-8E93-419BA658E948}.Debug|Any CPU.Build.0 = Debug|Any CPU
		{D47BDA0D-2B97-4344-8E93-419BA658E948}.Release|Any CPU.ActiveCfg = Release|Any CPU
		{D47BDA0D-2B97-4344-8E93-419BA658E948}.Release|Any CPU.Build.0 = Release|Any CPU
	EndGlobalSection
	GlobalSection(SolutionProperties) = preSolution
		HideSolutionNode = FALSE
	EndGlobalSection
	GlobalSection(ExtensibilityGlobals) = postSolution
		SolutionGuid = {BE033CF6-6440-4C92-BA26-27605E2B5A5D}
	EndGlobalSection
EndGlobal
